# This file is autogenerated, do not edit; changes may be undone by the next 'dep ensure'.


[[projects]]
  digest = "1:63bd62f5b57c55f0e07c9f8a76d841c7fa74905cc3cb6b8a55e923450f4bee81"
  name = "github.com/codegangsta/inject"
  packages = ["."]
  pruneopts = "UT"
  revision = "37d7f8432a3e684eef9b2edece76bdfa6ac85b39"
  version = "v1.0-rc1"

[[projects]]
  digest = "1:275990a68fda901ee42e120ee4c819118deefbfa6bc5562df4d0e9337b4a30e4"
  name = "github.com/go-martini/martini"
  packages = ["."]
  pruneopts = "UT"
  revision = "49411a5b646861ad29a6ddd5351717a0a9c49b94"
  version = "v1.0"

[[projects]]
  digest = "1:ec6f9bf5e274c833c911923c9193867f3f18788c461f76f05f62bb1510e0ae65"
  name = "github.com/go-sql-driver/mysql"
  packages = ["."]
  pruneopts = "UT"
  revision = "72cd26f257d44c1114970e19afddcd812016007e"
  version = "v1.4.1"

[[projects]]
  digest = "1:6c41d4f998a03b6604227ccad36edaed6126c397e5d78709ef4814a1145a6757"
  name = "github.com/jmoiron/sqlx"
  packages = [
    ".",
    "reflectx",
  ]
  pruneopts = "UT"
  revision = "d161d7a76b5661016ad0b085869f77fd410f3e6a"
  version = "v1.2.0"

[[projects]]
  digest = "1:1f4b55d7c57681ad91b7ce3ac7c8e7b139e6dd2f477c5f87e6a7749d298645dc"
  name = "github.com/joho/godotenv"
  packages = [
    ".",
    "autoload",
  ]
  pruneopts = "UT"
  revision = "23d116af351c84513e1946b527c88823e476be13"
  version = "v1.3.0"

[[projects]]
  branch = "master"
  digest = "1:901d88033ae03f6548cc61d0603e7153d38911fb08f07791af6b78e9ba72cca1"
  name = "github.com/martini-contrib/auth"
  packages = ["."]
  pruneopts = "UT"
  revision = "fa62c19b7ae87da370242054c8beb11af31d327f"

[[projects]]
  digest = "1:808cdddf087fb64baeae67b8dfaee2069034d9704923a3cb8bd96a995421a625"
  name = "github.com/patrickmn/go-cache"
  packages = ["."]
  pruneopts = "UT"
  revision = "a3647f8e31d79543b2d0f0ae2fe5c379d72cedc0"
  version = "v2.1.0"

[[projects]]
  digest = "1:77b730fa4c2d98f3ddf492acbea351eb6b0560fa5eace4105a6fc33ff937bb1b"
  name = "github.com/rakyll/statik"
  packages = ["fs"]
  pruneopts = "UT"
  revision = "3bac566d30cdbeddef402a80f3d6305860e59f12"
  version = "v0.1.6"

[[projects]]
  digest = "1:c25289f43ac4a68d88b02245742347c94f1e108c534dda442188015ff80669b3"
  name = "google.golang.org/appengine"
  packages = ["cloudsql"]
  pruneopts = "UT"
  revision = "54a98f90d1c46b7731eb8fb305d2a321c30ef610"
  version = "v1.5.0"

[solve-meta]
  analyzer-name = "dep"
  analyzer-version = 1
  input-imports = [
    "github.com/go-sql-driver/mysql",
    "github.com/jmoiron/sqlx",
    "github.com/joho/godotenv/autoload",
    "github.com/martini-contrib/auth",
    "github.com/patrickmn/go-cache",
    "github.com/rakyll/statik/fs",
  ]
  solver-name = "gps-cdcl"
  solver-version = 1
